{
  "name": "Node JS # 6",
  "lockfileVersion": 2,
  "requires": true,
  "packages": {
    "": {
      "dependencies": {
        "convert": "^4.7.0"
      }
    },
    "node_modules/convert": {
      "version": "4.7.0",
      "resolved": "https://registry.npmjs.org/convert/-/convert-4.7.0.tgz",
      "integrity": "sha512-gNw8PJT4d15V2W9GZe55PrWarBFVUI1j6JdL0dqSyIw6lYjGzuF1J+p/djW30mao/qySpU7A2eN2wa2JBbm8jw=="
    }
  },
  "dependencies": {
    "convert": {
      "version": "4.7.0",
      "resolved": "https://registry.npmjs.org/convert/-/convert-4.7.0.tgz",
      "integrity": "sha512-gNw8PJT4d15V2W9GZe55PrWarBFVUI1j6JdL0dqSyIw6lYjGzuF1J+p/djW30mao/qySpU7A2eN2wa2JBbm8jw=="
    }
  }
}
